
Microsoft Visual Studio Solution File, Format Version 12.00
# Visual Studio Version 17
VisualStudioVersion = 17.3.32611.2
MinimumVisualStudioVersion = 10.0.40219.1
Project("{9A19103F-16F7-4668-BE54-9A1E7A4F7556}") = "Hackathon", "Hackathon.csproj", "{97131520-42BD-4CED-97DA-971E8D180CD4}"
EndProject
Global
	GlobalSection(SolutionConfigurationPlatforms) = preSolution
		Debug|Any CPU = Debug|Any CPU
		Release|Any CPU = Release|Any CPU
	EndGlobalSection
	GlobalSection(ProjectConfigurationPlatforms) = postSolution
		{97131520-42BD-4CED-97DA-971E8D180CD4}.Debug|Any CPU.ActiveCfg = Debug|Any CPU
		{97131520-42BD-4CED-97DA-971E8D180CD4}.Debug|Any CPU.Build.0 = Debug|Any CPU
		{97131520-42BD-4CED-97DA-971E8D180CD4}.Release|Any CPU.ActiveCfg = Release|Any CPU
		{97131520-42BD-4CED-97DA-971E8D180CD4}.Release|Any CPU.Build.0 = Release|Any CPU
	EndGlobalSection
	GlobalSection(SolutionProperties) = preSolution
		HideSolutionNode = FALSE
	EndGlobalSection
	GlobalSection(ExtensibilityGlobals) = postSolution
		SolutionGuid = {2B31A6D3-3A68-408B-B285-7049E88C52AC}
	EndGlobalSection
EndGlobal
